dependencies:
- name: elasticsearch
  repository: https://helm.elastic.co
  version: 7.2.0
- name: fluent-bit
  repository: https://kubernetes-charts.storage.googleapis.com/
  version: 1.3.0
- name: kibana
  repository: https://helm.elastic.co
  version: 7.2.0
digest: sha256:af709f79fd35f506519b5f075d1fcaca8343a4dc6b3aba4ac5f907db62c04fe2
generated: "2019-07-25T01:26:21.828732+06:00"
